// !$*UTF8*$!
{
	archiveVersion = 1;
	classes = {
	};
	objectVersion = 46;
	objects = {

/* Begin PBXBuildFile section */
		7224153C1771148800989C3B /* UIKit.framework in Frameworks */ = {isa = PBXBuildFile; fileRef = 7224153B1771148800989C3B /* UIKit.framework */; };
		7224153E1771148800989C3B /* Foundation.framework in Frameworks */ = {isa = PBXBuildFile; fileRef = 7224153D1771148800989C3B /* Foundation.framework */; };
		722415401771148800989C3B /* CoreGraphics.framework in Frameworks */ = {isa = PBXBuildFile; fileRef = 7224153F1771148800989C3B /* CoreGraphics.framework */; };
		722415461771148800989C3B /* InfoPlist.strings in Resources */ = {isa = PBXBuildFile; fileRef = 722415441771148800989C3B /* InfoPlist.strings */; };
		722415481771148800989C3B /* main.m in Sources */ = {isa = PBXBuildFile; fileRef = 722415471771148800989C3B /* main.m */; };
		7224154C1771148800989C3B /* PCAppDelegate.m in Sources */ = {isa = PBXBuildFile; fileRef = 7224154B1771148800989C3B /* PCAppDelegate.m */; };
		7224154E1771148800989C3B /* Default.png in Resources */ = {isa = PBXBuildFile; fileRef = 7224154D1771148800989C3B /* Default.png */; };
		722415501771148800989C3B /* Default@2x.png in Resources */ = {isa = PBXBuildFile; fileRef = 7224154F1771148800989C3B /* Default@2x.png */; };
		722415521771148800989C3B /* Default-568h@2x.png in Resources */ = {isa = PBXBuildFile; fileRef = 722415511771148800989C3B /* Default-568h@2x.png */; };
		722415551771148800989C3B /* PCViewController.m in Sources */ = {isa = PBXBuildFile; fileRef = 722415541771148800989C3B /* PCViewController.m */; };
		72241560177114DC00989C3B /* AddressBook.framework in Frameworks */ = {isa = PBXBuildFile; fileRef = 7224155E177114DC00989C3B /* AddressBook.framework */; };
		72241561177114DC00989C3B /* AddressBookUI.framework in Frameworks */ = {isa = PBXBuildFile; fileRef = 7224155F177114DC00989C3B /* AddressBookUI.framework */; };
		725A1C551780F016000CD825 /* Icon-72.png in Resources */ = {isa = PBXBuildFile; fileRef = 725A1C4B1780F015000CD825 /* Icon-72.png */; };
		725A1C561780F016000CD825 /* Icon-72@2x.png in Resources */ = {isa = PBXBuildFile; fileRef = 725A1C4C1780F015000CD825 /* Icon-72@2x.png */; };
		725A1C571780F016000CD825 /* Icon-Small-50.png in Resources */ = {isa = PBXBuildFile; fileRef = 725A1C4D1780F016000CD825 /* Icon-Small-50.png */; };
		725A1C581780F016000CD825 /* Icon-Small-50@2x.png in Resources */ = {isa = PBXBuildFile; fileRef = 725A1C4E1780F016000CD825 /* Icon-Small-50@2x.png */; };
		725A1C591780F016000CD825 /* Icon-Small.png in Resources */ = {isa = PBXBuildFile; fileRef = 725A1C4F1780F016000CD825 /* Icon-Small.png */; };
		725A1C5A1780F016000CD825 /* Icon-Small@2x.png in Resources */ = {isa = PBXBuildFile; fileRef = 725A1C501780F016000CD825 /* Icon-Small@2x.png */; };
		725A1C5B1780F016000CD825 /* Icon.png in Resources */ = {isa = PBXBuildFile; fileRef = 725A1C511780F016000CD825 /* Icon.png */; };
		725A1C5C1780F016000CD825 /* Icon@2x.png in Resources */ = {isa = PBXBuildFile; fileRef = 725A1C521780F016000CD825 /* Icon@2x.png */; };
		725A1C5D1780F016000CD825 /* iTunesArtwork.png in Resources */ = {isa = PBXBuildFile; fileRef = 725A1C531780F016000CD825 /* iTunesArtwork.png */; };
		725A1C5E1780F016000CD825 /* iTunesArtwork@2x.png in Resources */ = {isa = PBXBuildFile; fileRef = 725A1C541780F016000CD825 /* iTunesArtwork@2x.png */; };
		72611AFC1771E88B0043E508 /* SettingsViewController.m in Sources */ = {isa = PBXBuildFile; fileRef = 72611AFA1771E88B0043E508 /* SettingsViewController.m */; };
		72611AFD1771E88B0043E508 /* SettingsViewController.xib in Resources */ = {isa = PBXBuildFile; fileRef = 72611AFB1771E88B0043E508 /* SettingsViewController.xib */; };
		72611B0017720F740043E508 /* Contact.m in Sources */ = {isa = PBXBuildFile; fileRef = 72611AFF17720F740043E508 /* Contact.m */; };
		72611B04177213660043E508 /* EsyMessageViewController.m in Sources */ = {isa = PBXBuildFile; fileRef = 72611B02177213660043E508 /* EsyMessageViewController.m */; };
		72611B05177213660043E508 /* EsyMessageViewController.xib in Resources */ = {isa = PBXBuildFile; fileRef = 72611B03177213660043E508 /* EsyMessageViewController.xib */; };
		72611B071772143A0043E508 /* MessageUI.framework in Frameworks */ = {isa = PBXBuildFile; fileRef = 72611B061772143A0043E508 /* MessageUI.framework */; };
		72611B0B177216940043E508 /* SelectRecipientsViewController.m in Sources */ = {isa = PBXBuildFile; fileRef = 72611B09177216940043E508 /* SelectRecipientsViewController.m */; };
		72611B0C177216940043E508 /* SelectRecipientsViewController.xib in Resources */ = {isa = PBXBuildFile; fileRef = 72611B0A177216940043E508 /* SelectRecipientsViewController.xib */; };
		7269D4441774D6B500AE1662 /* UIPlaceHolderTextView.m in Sources */ = {isa = PBXBuildFile; fileRef = 7269D4431774D6B500AE1662 /* UIPlaceHolderTextView.m */; };
		726FAC54178595E4008F3EC4 /* PCViewController.xib in Resources */ = {isa = PBXBuildFile; fileRef = 726FAC53178595E4008F3EC4 /* PCViewController.xib */; };
		7285A6AB177CACFA006137B8 /* concrete_wall.png in Resources */ = {isa = PBXBuildFile; fileRef = 7285A6A9177CACFA006137B8 /* concrete_wall.png */; };
		7285A6AC177CACFA006137B8 /* concrete_wall@2X.png in Resources */ = {isa = PBXBuildFile; fileRef = 7285A6AA177CACFA006137B8 /* concrete_wall@2X.png */; };
		7285A6AF177CB0A3006137B8 /* tableViewBackground@2x.png in Resources */ = {isa = PBXBuildFile; fileRef = 7285A6AD177CB0A3006137B8 /* tableViewBackground@2x.png */; };
		7285A6B0177CB0A3006137B8 /* tableViewBackground.png in Resources */ = {isa = PBXBuildFile; fileRef = 7285A6AE177CB0A3006137B8 /* tableViewBackground.png */; };
		7285A6B2177CB6F2006137B8 /* forbidden.png in Resources */ = {isa = PBXBuildFile; fileRef = 7285A6B1177CB6F2006137B8 /* forbidden.png */; };
		7285A6B4177CB875006137B8 /* 111-user.png in Resources */ = {isa = PBXBuildFile; fileRef = 7285A6B3177CB874006137B8 /* 111-user.png */; };
		728F279A1776362D00A61BC8 /* iToast.m in Sources */ = {isa = PBXBuildFile; fileRef = 728F27981776362D00A61BC8 /* iToast.m */; };
		728F913E1775C8D300254D36 /* MediaPlayer.framework in Frameworks */ = {isa = PBXBuildFile; fileRef = 728F913D1775C8D300254D36 /* MediaPlayer.framework */; };
		728F913F1775C8E200254D36 /* CoreMedia.framework in Frameworks */ = {isa = PBXBuildFile; fileRef = 728F913B1775C78700254D36 /* CoreMedia.framework */; };
		72A2C27A177B99F2006FF12F /* email.png in Resources */ = {isa = PBXBuildFile; fileRef = 72A2C279177B99F2006FF12F /* email.png */; };
		72A2C27C177B9AE9006FF12F /* gear.png in Resources */ = {isa = PBXBuildFile; fileRef = 72A2C27B177B9AE9006FF12F /* gear.png */; };
		72A2C27E177B9F6D006FF12F /* phone-book.png in Resources */ = {isa = PBXBuildFile; fileRef = 72A2C27D177B9F6D006FF12F /* phone-book.png */; };
		72CA9EFC17847B8F00D8D016 /* Localizable.strings in Resources */ = {isa = PBXBuildFile; fileRef = 72CA9EFE17847B8F00D8D016 /* Localizable.strings */; };
		72FB67C5177B39E700D5E364 /* PreferedItemOrderViewController.m in Sources */ = {isa = PBXBuildFile; fileRef = 72FB67C3177B39E700D5E364 /* PreferedItemOrderViewController.m */; };
		72FB67C6177B39E700D5E364 /* PreferedItemOrderViewController.xib in Resources */ = {isa = PBXBuildFile; fileRef = 72FB67C4177B39E700D5E364 /* PreferedItemOrderViewController.xib */; };
/* End PBXBuildFile section */

/* Begin PBXFileReference section */
		722415381771148800989C3B /* EasyMessage.app */ = {isa = PBXFileReference; explicitFileType = wrapper.application; includeInIndex = 0; path = EasyMessage.app; sourceTree = BUILT_PRODUCTS_DIR; };
		7224153B1771148800989C3B /* UIKit.framework */ = {isa = PBXFileReference; lastKnownFileType = wrapper.framework; name = UIKit.framework; path = System/Library/Frameworks/UIKit.framework; sourceTree = SDKROOT; };
		7224153D1771148800989C3B /* Foundation.framework */ = {isa = PBXFileReference; lastKnownFileType = wrapper.framework; name = Foundation.framework; path = System/Library/Frameworks/Foundation.framework; sourceTree = SDKROOT; };
		7224153F1771148800989C3B /* CoreGraphics.framework */ = {isa = PBXFileReference; lastKnownFileType = wrapper.framework; name = CoreGraphics.framework; path = System/Library/Frameworks/CoreGraphics.framework; sourceTree = SDKROOT; };
		722415431771148800989C3B /* EasyMessage-Info.plist */ = {isa = PBXFileReference; lastKnownFileType = text.plist.xml; path = "EasyMessage-Info.plist"; sourceTree = "<group>"; };
		722415451771148800989C3B /* en */ = {isa = PBXFileReference; lastKnownFileType = text.plist.strings; name = en; path = en.lproj/InfoPlist.strings; sourceTree = "<group>"; };
		722415471771148800989C3B /* main.m */ = {isa = PBXFileReference; lastKnownFileType = sourcecode.c.objc; path = main.m; sourceTree = "<group>"; };
		722415491771148800989C3B /* EasyMessage-Prefix.pch */ = {isa = PBXFileReference; lastKnownFileType = sourcecode.c.h; path = "EasyMessage-Prefix.pch"; sourceTree = "<group>"; };
		7224154A1771148800989C3B /* PCAppDelegate.h */ = {isa = PBXFileReference; lastKnownFileType = sourcecode.c.h; path = PCAppDelegate.h; sourceTree = "<group>"; };
		7224154B1771148800989C3B /* PCAppDelegate.m */ = {isa = PBXFileReference; lastKnownFileType = sourcecode.c.objc; path = PCAppDelegate.m; sourceTree = "<group>"; };
		7224154D1771148800989C3B /* Default.png */ = {isa = PBXFileReference; lastKnownFileType = image.png; path = Default.png; sourceTree = "<group>"; };
		7224154F1771148800989C3B /* Default@2x.png */ = {isa = PBXFileReference; lastKnownFileType = image.png; path = "Default@2x.png"; sourceTree = "<group>"; };
		722415511771148800989C3B /* Default-568h@2x.png */ = {isa = PBXFileReference; lastKnownFileType = image.png; path = "Default-568h@2x.png"; sourceTree = "<group>"; };
		722415531771148800989C3B /* PCViewController.h */ = {isa = PBXFileReference; lastKnownFileType = sourcecode.c.h; path = PCViewController.h; sourceTree = "<group>"; };
		722415541771148800989C3B /* PCViewController.m */ = {isa = PBXFileReference; lastKnownFileType = sourcecode.c.objc; path = PCViewController.m; sourceTree = "<group>"; };
		7224155E177114DC00989C3B /* AddressBook.framework */ = {isa = PBXFileReference; lastKnownFileType = wrapper.framework; name = AddressBook.framework; path = System/Library/Frameworks/AddressBook.framework; sourceTree = SDKROOT; };
		7224155F177114DC00989C3B /* AddressBookUI.framework */ = {isa = PBXFileReference; lastKnownFileType = wrapper.framework; name = AddressBookUI.framework; path = System/Library/Frameworks/AddressBookUI.framework; sourceTree = SDKROOT; };
		725A1C4B1780F015000CD825 /* Icon-72.png */ = {isa = PBXFileReference; lastKnownFileType = image.png; name = "Icon-72.png"; path = "../../../Desktop/App Icon [Rounded]/Icon-72.png"; sourceTree = "<group>"; };
		725A1C4C1780F015000CD825 /* Icon-72@2x.png */ = {isa = PBXFileReference; lastKnownFileType = image.png; name = "Icon-72@2x.png"; path = "../../../Desktop/App Icon [Rounded]/Icon-72@2x.png"; sourceTree = "<group>"; };
		725A1C4D1780F016000CD825 /* Icon-Small-50.png */ = {isa = PBXFileReference; lastKnownFileType = image.png; name = "Icon-Small-50.png"; path = "../../../Desktop/App Icon [Rounded]/Icon-Small-50.png"; sourceTree = "<group>"; };
		725A1C4E1780F016000CD825 /* Icon-Small-50@2x.png */ = {isa = PBXFileReference; lastKnownFileType = image.png; name = "Icon-Small-50@2x.png"; path = "../../../Desktop/App Icon [Rounded]/Icon-Small-50@2x.png"; sourceTree = "<group>"; };
		725A1C4F1780F016000CD825 /* Icon-Small.png */ = {isa = PBXFileReference; lastKnownFileType = image.png; name = "Icon-Small.png"; path = "../../../Desktop/App Icon [Rounded]/Icon-Small.png"; sourceTree = "<group>"; };
		725A1C501780F016000CD825 /* Icon-Small@2x.png */ = {isa = PBXFileReference; lastKnownFileType = image.png; name = "Icon-Small@2x.png"; path = "../../../Desktop/App Icon [Rounded]/Icon-Small@2x.png"; sourceTree = "<group>"; };
		725A1C511780F016000CD825 /* Icon.png */ = {isa = PBXFileReference; lastKnownFileType = image.png; name = Icon.png; path = "../../../Desktop/App Icon [Rounded]/Icon.png"; sourceTree = "<group>"; };
		725A1C521780F016000CD825 /* Icon@2x.png */ = {isa = PBXFileReference; lastKnownFileType = image.png; name = "Icon@2x.png"; path = "../../../Desktop/App Icon [Rounded]/Icon@2x.png"; sourceTree = "<group>"; };
		725A1C531780F016000CD825 /* iTunesArtwork.png */ = {isa = PBXFileReference; lastKnownFileType = image.png; name = iTunesArtwork.png; path = "../../../Desktop/App Icon [Rounded]/iTunesArtwork.png"; sourceTree = "<group>"; };
		725A1C541780F016000CD825 /* iTunesArtwork@2x.png */ = {isa = PBXFileReference; lastKnownFileType = image.png; name = "iTunesArtwork@2x.png"; path = "../../../Desktop/App Icon [Rounded]/iTunesArtwork@2x.png"; sourceTree = "<group>"; };
		72611AF91771E88B0043E508 /* SettingsViewController.h */ = {isa = PBXFileReference; fileEncoding = 4; lastKnownFileType = sourcecode.c.h; path = SettingsViewController.h; sourceTree = "<group>"; };
		72611AFA1771E88B0043E508 /* SettingsViewController.m */ = {isa = PBXFileReference; fileEncoding = 4; lastKnownFileType = sourcecode.c.objc; path = SettingsViewController.m; sourceTree = "<group>"; };
		72611AFB1771E88B0043E508 /* SettingsViewController.xib */ = {isa = PBXFileReference; fileEncoding = 4; lastKnownFileType = file.xib; path = SettingsViewController.xib; sourceTree = "<group>"; };
		72611AFE17720F740043E508 /* Contact.h */ = {isa = PBXFileReference; fileEncoding = 4; lastKnownFileType = sourcecode.c.h; path = Contact.h; sourceTree = "<group>"; };
		72611AFF17720F740043E508 /* Contact.m */ = {isa = PBXFileReference; fileEncoding = 4; lastKnownFileType = sourcecode.c.objc; path = Contact.m; sourceTree = "<group>"; };
		72611B01177213660043E508 /* EsyMessageViewController.h */ = {isa = PBXFileReference; fileEncoding = 4; lastKnownFileType = sourcecode.c.h; path = EsyMessageViewController.h; sourceTree = "<group>"; };
		72611B02177213660043E508 /* EsyMessageViewController.m */ = {isa = PBXFileReference; fileEncoding = 4; lastKnownFileType = sourcecode.c.objc; path = EsyMessageViewController.m; sourceTree = "<group>"; };
		72611B03177213660043E508 /* EsyMessageViewController.xib */ = {isa = PBXFileReference; fileEncoding = 4; lastKnownFileType = file.xib; path = EsyMessageViewController.xib; sourceTree = "<group>"; };
		72611B061772143A0043E508 /* MessageUI.framework */ = {isa = PBXFileReference; lastKnownFileType = wrapper.framework; name = MessageUI.framework; path = System/Library/Frameworks/MessageUI.framework; sourceTree = SDKROOT; };
		72611B08177216940043E508 /* SelectRecipientsViewController.h */ = {isa = PBXFileReference; fileEncoding = 4; lastKnownFileType = sourcecode.c.h; path = SelectRecipientsViewController.h; sourceTree = "<group>"; };
		72611B09177216940043E508 /* SelectRecipientsViewController.m */ = {isa = PBXFileReference; fileEncoding = 4; lastKnownFileType = sourcecode.c.objc; path = SelectRecipientsViewController.m; sourceTree = "<group>"; };
		72611B0A177216940043E508 /* SelectRecipientsViewController.xib */ = {isa = PBXFileReference; fileEncoding = 4; lastKnownFileType = file.xib; path = SelectRecipientsViewController.xib; sourceTree = "<group>"; };
		7265EB2217848A90003F5FE3 /* pt */ = {isa = PBXFileReference; lastKnownFileType = text.plist.strings; name = pt; path = pt.lproj/Localizable.strings; sourceTree = "<group>"; };
		7265EB2417848A90003F5FE3 /* pt */ = {isa = PBXFileReference; lastKnownFileType = text.plist.strings; name = pt; path = pt.lproj/InfoPlist.strings; sourceTree = "<group>"; };
		7269D4421774D6B500AE1662 /* UIPlaceHolderTextView.h */ = {isa = PBXFileReference; fileEncoding = 4; lastKnownFileType = sourcecode.c.h; path = UIPlaceHolderTextView.h; sourceTree = "<group>"; };
		7269D4431774D6B500AE1662 /* UIPlaceHolderTextView.m */ = {isa = PBXFileReference; fileEncoding = 4; lastKnownFileType = sourcecode.c.objc; path = UIPlaceHolderTextView.m; sourceTree = "<group>"; };
		726FAC53178595E4008F3EC4 /* PCViewController.xib */ = {isa = PBXFileReference; fileEncoding = 4; lastKnownFileType = file.xib; path = PCViewController.xib; sourceTree = "<group>"; };
		7285A6A9177CACFA006137B8 /* concrete_wall.png */ = {isa = PBXFileReference; lastKnownFileType = image.png; path = concrete_wall.png; sourceTree = "<group>"; };
		7285A6AA177CACFA006137B8 /* concrete_wall@2X.png */ = {isa = PBXFileReference; lastKnownFileType = image.png; path = "concrete_wall@2X.png"; sourceTree = "<group>"; };
		7285A6AD177CB0A3006137B8 /* tableViewBackground@2x.png */ = {isa = PBXFileReference; lastKnownFileType = image.png; path = "tableViewBackground@2x.png"; sourceTree = "<group>"; };
		7285A6AE177CB0A3006137B8 /* tableViewBackground.png */ = {isa = PBXFileReference; lastKnownFileType = image.png; path = tableViewBackground.png; sourceTree = "<group>"; };
		7285A6B1177CB6F2006137B8 /* forbidden.png */ = {isa = PBXFileReference; lastKnownFileType = image.png; path = forbidden.png; sourceTree = "<group>"; };
		7285A6B3177CB874006137B8 /* 111-user.png */ = {isa = PBXFileReference; lastKnownFileType = image.png; path = "111-user.png"; sourceTree = "<group>"; };
		728F27981776362D00A61BC8 /* iToast.m */ = {isa = PBXFileReference; fileEncoding = 4; lastKnownFileType = sourcecode.c.objc; path = iToast.m; sourceTree = "<group>"; };
		728F27991776362D00A61BC8 /* iToast.h */ = {isa = PBXFileReference; fileEncoding = 4; lastKnownFileType = sourcecode.c.h; path = iToast.h; sourceTree = "<group>"; };
		728F913B1775C78700254D36 /* CoreMedia.framework */ = {isa = PBXFileReference; lastKnownFileType = wrapper.framework; name = CoreMedia.framework; path = System/Library/Frameworks/CoreMedia.framework; sourceTree = SDKROOT; };
		728F913D1775C8D300254D36 /* MediaPlayer.framework */ = {isa = PBXFileReference; lastKnownFileType = wrapper.framework; name = MediaPlayer.framework; path = System/Library/Frameworks/MediaPlayer.framework; sourceTree = SDKROOT; };
		72A2C279177B99F2006FF12F /* email.png */ = {isa = PBXFileReference; lastKnownFileType = image.png; path = email.png; sourceTree = "<group>"; };
		72A2C27B177B9AE9006FF12F /* gear.png */ = {isa = PBXFileReference; lastKnownFileType = image.png; path = gear.png; sourceTree = "<group>"; };
		72A2C27D177B9F6D006FF12F /* phone-book.png */ = {isa = PBXFileReference; lastKnownFileType = image.png; path = "phone-book.png"; sourceTree = "<group>"; };
		72CA9EFB17847B5300D8D016 /* pt-PT */ = {isa = PBXFileReference; lastKnownFileType = text.plist.strings; name = "pt-PT"; path = "pt-PT.lproj/InfoPlist.strings"; sourceTree = "<group>"; };
		72CA9EFD17847B8F00D8D016 /* en */ = {isa = PBXFileReference; lastKnownFileType = text.plist.strings; name = en; path = en.lproj/Localizable.strings; sourceTree = "<group>"; };
		72CA9EFF17847BA500D8D016 /* pt-PT */ = {isa = PBXFileReference; lastKnownFileType = text.plist.strings; name = "pt-PT"; path = "pt-PT.lproj/Localizable.strings"; sourceTree = "<group>"; };
		72FB67C2177B39E700D5E364 /* PreferedItemOrderViewController.h */ = {isa = PBXFileReference; fileEncoding = 4; lastKnownFileType = sourcecode.c.h; path = PreferedItemOrderViewController.h; sourceTree = "<group>"; };
		72FB67C3177B39E700D5E364 /* PreferedItemOrderViewController.m */ = {isa = PBXFileReference; fileEncoding = 4; lastKnownFileType = sourcecode.c.objc; path = PreferedItemOrderViewController.m; sourceTree = "<group>"; };
		72FB67C4177B39E700D5E364 /* PreferedItemOrderViewController.xib */ = {isa = PBXFileReference; fileEncoding = 4; lastKnownFileType = file.xib; path = PreferedItemOrderViewController.xib; sourceTree = "<group>"; };
/* End PBXFileReference section */

/* Begin PBXFrameworksBuildPhase section */
		722415351771148800989C3B /* Frameworks */ = {
			isa = PBXFrameworksBuildPhase;
			buildActionMask = 2147483647;
			files = (
				728F913F1775C8E200254D36 /* CoreMedia.framework in Frameworks */,
				728F913E1775C8D300254D36 /* MediaPlayer.framework in Frameworks */,
				7224153C1771148800989C3B /* UIKit.framework in Frameworks */,
				72611B071772143A0043E508 /* MessageUI.framework in Frameworks */,
				72241560177114DC00989C3B /* AddressBook.framework in Frameworks */,
				72241561177114DC00989C3B /* AddressBookUI.framework in Frameworks */,
				7224153E1771148800989C3B /* Foundation.framework in Frameworks */,
				722415401771148800989C3B /* CoreGraphics.framework in Frameworks */,
			);
			runOnlyForDeploymentPostprocessing = 0;
		};
/* End PBXFrameworksBuildPhase section */

/* Begin PBXGroup section */
		7224152F1771148700989C3B = {
			isa = PBXGroup;
			children = (
				72CA9EFE17847B8F00D8D016 /* Localizable.strings */,
				725A1C4B1780F015000CD825 /* Icon-72.png */,
				725A1C4C1780F015000CD825 /* Icon-72@2x.png */,
				725A1C4D1780F016000CD825 /* Icon-Small-50.png */,
				725A1C4E1780F016000CD825 /* Icon-Small-50@2x.png */,
				725A1C4F1780F016000CD825 /* Icon-Small.png */,
				725A1C501780F016000CD825 /* Icon-Small@2x.png */,
				725A1C511780F016000CD825 /* Icon.png */,
				725A1C521780F016000CD825 /* Icon@2x.png */,
				725A1C531780F016000CD825 /* iTunesArtwork.png */,
				725A1C541780F016000CD825 /* iTunesArtwork@2x.png */,
				728F913D1775C8D300254D36 /* MediaPlayer.framework */,
				722415411771148800989C3B /* EasyMessage */,
				7224153A1771148800989C3B /* Frameworks */,
				722415391771148800989C3B /* Products */,
			);
			sourceTree = "<group>";
		};
		722415391771148800989C3B /* Products */ = {
			isa = PBXGroup;
			children = (
				722415381771148800989C3B /* EasyMessage.app */,
			);
			name = Products;
			sourceTree = "<group>";
		};
		7224153A1771148800989C3B /* Frameworks */ = {
			isa = PBXGroup;
			children = (
				728F913B1775C78700254D36 /* CoreMedia.framework */,
				72611B061772143A0043E508 /* MessageUI.framework */,
				7224155E177114DC00989C3B /* AddressBook.framework */,
				7224155F177114DC00989C3B /* AddressBookUI.framework */,
				7224153B1771148800989C3B /* UIKit.framework */,
				7224153D1771148800989C3B /* Foundation.framework */,
				7224153F1771148800989C3B /* CoreGraphics.framework */,
			);
			name = Frameworks;
			sourceTree = "<group>";
		};
		722415411771148800989C3B /* EasyMessage */ = {
			isa = PBXGroup;
			children = (
				7285A6B3177CB874006137B8 /* 111-user.png */,
				7285A6B1177CB6F2006137B8 /* forbidden.png */,
				7285A6AD177CB0A3006137B8 /* tableViewBackground@2x.png */,
				7285A6AE177CB0A3006137B8 /* tableViewBackground.png */,
				7285A6A9177CACFA006137B8 /* concrete_wall.png */,
				7285A6AA177CACFA006137B8 /* concrete_wall@2X.png */,
				72A2C27D177B9F6D006FF12F /* phone-book.png */,
				72A2C27B177B9AE9006FF12F /* gear.png */,
				72A2C279177B99F2006FF12F /* email.png */,
				728F27981776362D00A61BC8 /* iToast.m */,
				728F27991776362D00A61BC8 /* iToast.h */,
				7224154A1771148800989C3B /* PCAppDelegate.h */,
				7224154B1771148800989C3B /* PCAppDelegate.m */,
				722415531771148800989C3B /* PCViewController.h */,
				726FAC53178595E4008F3EC4 /* PCViewController.xib */,
				722415541771148800989C3B /* PCViewController.m */,
				722415421771148800989C3B /* Supporting Files */,
				72611AF91771E88B0043E508 /* SettingsViewController.h */,
				72611AFA1771E88B0043E508 /* SettingsViewController.m */,
				72611AFB1771E88B0043E508 /* SettingsViewController.xib */,
				72611AFE17720F740043E508 /* Contact.h */,
				72611AFF17720F740043E508 /* Contact.m */,
				72611B01177213660043E508 /* EsyMessageViewController.h */,
				72611B02177213660043E508 /* EsyMessageViewController.m */,
				72611B03177213660043E508 /* EsyMessageViewController.xib */,
				72611B08177216940043E508 /* SelectRecipientsViewController.h */,
				72611B09177216940043E508 /* SelectRecipientsViewController.m */,
				72611B0A177216940043E508 /* SelectRecipientsViewController.xib */,
				7269D4421774D6B500AE1662 /* UIPlaceHolderTextView.h */,
				7269D4431774D6B500AE1662 /* UIPlaceHolderTextView.m */,
				72FB67C2177B39E700D5E364 /* PreferedItemOrderViewController.h */,
				72FB67C3177B39E700D5E364 /* PreferedItemOrderViewController.m */,
				72FB67C4177B39E700D5E364 /* PreferedItemOrderViewController.xib */,
			);
			path = EasyMessage;
			sourceTree = "<group>";
		};
		722415421771148800989C3B /* Supporting Files */ = {
			isa = PBXGroup;
			children = (
				722415431771148800989C3B /* EasyMessage-Info.plist */,
				722415441771148800989C3B /* InfoPlist.strings */,
				722415471771148800989C3B /* main.m */,
				722415491771148800989C3B /* EasyMessage-Prefix.pch */,
				7224154D1771148800989C3B /* Default.png */,
				7224154F1771148800989C3B /* Default@2x.png */,
				722415511771148800989C3B /* Default-568h@2x.png */,
			);
			name = "Supporting Files";
			sourceTree = "<group>";
		};
/* End PBXGroup section */

/* Begin PBXNativeTarget section */
		722415371771148800989C3B /* EasyMessage */ = {
			isa = PBXNativeTarget;
			buildConfigurationList = 7224155B1771148800989C3B /* Build configuration list for PBXNativeTarget "EasyMessage" */;
			buildPhases = (
				722415341771148800989C3B /* Sources */,
				722415351771148800989C3B /* Frameworks */,
				722415361771148800989C3B /* Resources */,
			);
			buildRules = (
			);
			dependencies = (
			);
			name = EasyMessage;
			productName = EasyMessage;
			productReference = 722415381771148800989C3B /* EasyMessage.app */;
			productType = "com.apple.product-type.application";
		};
/* End PBXNativeTarget section */

/* Begin PBXProject section */
		722415301771148700989C3B /* Project object */ = {
			isa = PBXProject;
			attributes = {
				CLASSPREFIX = PC;
				LastUpgradeCheck = 0460;
				ORGANIZATIONNAME = "Paulo Cristo";
			};
			buildConfigurationList = 722415331771148700989C3B /* Build configuration list for PBXProject "EasyMessage" */;
			compatibilityVersion = "Xcode 3.2";
			developmentRegion = English;
			hasScannedForEncodings = 0;
			knownRegions = (
				en,
				"pt-PT",
				pt,
			);
			mainGroup = 7224152F1771148700989C3B;
			productRefGroup = 722415391771148800989C3B /* Products */;
			projectDirPath = "";
			projectRoot = "";
			targets = (
				722415371771148800989C3B /* EasyMessage */,
			);
		};
/* End PBXProject section */

/* Begin PBXResourcesBuildPhase section */
		722415361771148800989C3B /* Resources */ = {
			isa = PBXResourcesBuildPhase;
			buildActionMask = 2147483647;
			files = (
				722415461771148800989C3B /* InfoPlist.strings in Resources */,
				7224154E1771148800989C3B /* Default.png in Resources */,
				722415501771148800989C3B /* Default@2x.png in Resources */,
				722415521771148800989C3B /* Default-568h@2x.png in Resources */,
				72611AFD1771E88B0043E508 /* SettingsViewController.xib in Resources */,
				72611B05177213660043E508 /* EsyMessageViewController.xib in Resources */,
				72611B0C177216940043E508 /* SelectRecipientsViewController.xib in Resources */,
				72FB67C6177B39E700D5E364 /* PreferedItemOrderViewController.xib in Resources */,
				72A2C27A177B99F2006FF12F /* email.png in Resources */,
				72A2C27C177B9AE9006FF12F /* gear.png in Resources */,
				72A2C27E177B9F6D006FF12F /* phone-book.png in Resources */,
				7285A6AB177CACFA006137B8 /* concrete_wall.png in Resources */,
				7285A6AC177CACFA006137B8 /* concrete_wall@2X.png in Resources */,
				7285A6AF177CB0A3006137B8 /* tableViewBackground@2x.png in Resources */,
				7285A6B0177CB0A3006137B8 /* tableViewBackground.png in Resources */,
				7285A6B2177CB6F2006137B8 /* forbidden.png in Resources */,
				7285A6B4177CB875006137B8 /* 111-user.png in Resources */,
				725A1C551780F016000CD825 /* Icon-72.png in Resources */,
				725A1C561780F016000CD825 /* Icon-72@2x.png in Resources */,
				725A1C571780F016000CD825 /* Icon-Small-50.png in Resources */,
				725A1C581780F016000CD825 /* Icon-Small-50@2x.png in Resources */,
				725A1C591780F016000CD825 /* Icon-Small.png in Resources */,
				725A1C5A1780F016000CD825 /* Icon-Small@2x.png in Resources */,
				725A1C5B1780F016000CD825 /* Icon.png in Resources */,
				725A1C5C1780F016000CD825 /* Icon@2x.png in Resources */,
				725A1C5D1780F016000CD825 /* iTunesArtwork.png in Resources */,
				725A1C5E1780F016000CD825 /* iTunesArtwork@2x.png in Resources */,
				72CA9EFC17847B8F00D8D016 /* Localizable.strings in Resources */,
				726FAC54178595E4008F3EC4 /* PCViewController.xib in Resources */,
			);
			runOnlyForDeploymentPostprocessing = 0;
		};
/* End PBXResourcesBuildPhase section */

/* Begin PBXSourcesBuildPhase section */
		722415341771148800989C3B /* Sources */ = {
			isa = PBXSourcesBuildPhase;
			buildActionMask = 2147483647;
			files = (
				722415481771148800989C3B /* main.m in Sources */,
				7224154C1771148800989C3B /* PCAppDelegate.m in Sources */,
				722415551771148800989C3B /* PCViewController.m in Sources */,
				72611AFC1771E88B0043E508 /* SettingsViewController.m in Sources */,
				72611B0017720F740043E508 /* Contact.m in Sources */,
				72611B04177213660043E508 /* EsyMessageViewController.m in Sources */,
				72611B0B177216940043E508 /* SelectRecipientsViewController.m in Sources */,
				7269D4441774D6B500AE1662 /* UIPlaceHolderTextView.m in Sources */,
				728F279A1776362D00A61BC8 /* iToast.m in Sources */,
				72FB67C5177B39E700D5E364 /* PreferedItemOrderViewController.m in Sources */,
			);
			runOnlyForDeploymentPostprocessing = 0;
		};
/* End PBXSourcesBuildPhase section */

/* Begin PBXVariantGroup section */
		722415441771148800989C3B /* InfoPlist.strings */ = {
			isa = PBXVariantGroup;
			children = (
				722415451771148800989C3B /* en */,
				72CA9EFB17847B5300D8D016 /* pt-PT */,
				7265EB2417848A90003F5FE3 /* pt */,
			);
			name = InfoPlist.strings;
			sourceTree = "<group>";
		};
		72CA9EFE17847B8F00D8D016 /* Localizable.strings */ = {
			isa = PBXVariantGroup;
			children = (
				72CA9EFD17847B8F00D8D016 /* en */,
				72CA9EFF17847BA500D8D016 /* pt-PT */,
				7265EB2217848A90003F5FE3 /* pt */,
			);
			name = Localizable.strings;
			sourceTree = "<group>";
		};
/* End PBXVariantGroup section */

/* Begin XCBuildConfiguration section */
		722415591771148800989C3B /* Debug */ = {
			isa = XCBuildConfiguration;
			buildSettings = {
				ALWAYS_SEARCH_USER_PATHS = NO;
				CLANG_CXX_LANGUAGE_STANDARD = "gnu++0x";
				CLANG_CXX_LIBRARY = "libc++";
				CLANG_ENABLE_OBJC_ARC = YES;
				CLANG_WARN_CONSTANT_CONVERSION = YES;
				CLANG_WARN_EMPTY_BODY = YES;
				CLANG_WARN_ENUM_CONVERSION = YES;
				CLANG_WARN_INT_CONVERSION = YES;
				CLANG_WARN__DUPLICATE_METHOD_MATCH = YES;
				CODE_SIGN_IDENTITY = "iPhone Distribution";
				"CODE_SIGN_IDENTITY[sdk=iphoneos*]" = "iPhone Developer: Paulo Cristo (9HCXF72293)";
				COPY_PHASE_STRIP = NO;
				GCC_C_LANGUAGE_STANDARD = gnu99;
				GCC_DYNAMIC_NO_PIC = NO;
				GCC_OPTIMIZATION_LEVEL = 0;
				GCC_PREPROCESSOR_DEFINITIONS = (
					"DEBUG=1",
					"$(inherited)",
				);
				GCC_SYMBOLS_PRIVATE_EXTERN = NO;
				GCC_WARN_ABOUT_RETURN_TYPE = YES;
				GCC_WARN_UNINITIALIZED_AUTOS = YES;
				GCC_WARN_UNUSED_VARIABLE = YES;
				IPHONEOS_DEPLOYMENT_TARGET = 6.0;
				ONLY_ACTIVE_ARCH = YES;
				PROVISIONING_PROFILE = "";
				"PROVISIONING_PROFILE[sdk=iphoneos*]" = "2AB70F18-ECFD-4BB6-80EF-FE69A75B4B59";
				SDKROOT = iphoneos;
			};
			name = Debug;
		};
		7224155A1771148800989C3B /* Release */ = {
			isa = XCBuildConfiguration;
			buildSettings = {
				ALWAYS_SEARCH_USER_PATHS = NO;
				CLANG_CXX_LANGUAGE_STANDARD = "gnu++0x";
				CLANG_CXX_LIBRARY = "libc++";
				CLANG_ENABLE_OBJC_ARC = YES;
				CLANG_WARN_CONSTANT_CONVERSION = YES;
				CLANG_WARN_EMPTY_BODY = YES;
				CLANG_WARN_ENUM_CONVERSION = YES;
				CLANG_WARN_INT_CONVERSION = YES;
				CLANG_WARN__DUPLICATE_METHOD_MATCH = YES;
				CODE_SIGN_IDENTITY = "iPhone Distribution";
				"CODE_SIGN_IDENTITY[sdk=iphoneos*]" = "iPhone Distribution";
				COPY_PHASE_STRIP = YES;
				GCC_C_LANGUAGE_STANDARD = gnu99;
				GCC_WARN_ABOUT_RETURN_TYPE = YES;
				GCC_WARN_UNINITIALIZED_AUTOS = YES;
				GCC_WARN_UNUSED_VARIABLE = YES;
				IPHONEOS_DEPLOYMENT_TARGET = 6.0;
				ONLY_ACTIVE_ARCH = YES;
				OTHER_CFLAGS = "-DNS_BLOCK_ASSERTIONS=1";
				PROVISIONING_PROFILE = "";
				"PROVISIONING_PROFILE[sdk=iphoneos*]" = "";
				SDKROOT = iphoneos;
				VALIDATE_PRODUCT = YES;
			};
			name = Release;
		};
		7224155C1771148800989C3B /* Debug */ = {
			isa = XCBuildConfiguration;
			buildSettings = {
				GCC_PRECOMPILE_PREFIX_HEADER = YES;
				GCC_PREFIX_HEADER = "EasyMessage/EasyMessage-Prefix.pch";
				INFOPLIST_FILE = "EasyMessage/EasyMessage-Info.plist";
				IPHONEOS_DEPLOYMENT_TARGET = 6.1;
				PRODUCT_NAME = "$(TARGET_NAME)";
				TARGETED_DEVICE_FAMILY = 1;
				WRAPPER_EXTENSION = app;
			};
			name = Debug;
		};
		7224155D1771148800989C3B /* Release */ = {
			isa = XCBuildConfiguration;
			buildSettings = {
				GCC_PRECOMPILE_PREFIX_HEADER = YES;
				GCC_PREFIX_HEADER = "EasyMessage/EasyMessage-Prefix.pch";
				INFOPLIST_FILE = "EasyMessage/EasyMessage-Info.plist";
				IPHONEOS_DEPLOYMENT_TARGET = 6.1;
				PRODUCT_NAME = "$(TARGET_NAME)";
				TARGETED_DEVICE_FAMILY = 1;
				WRAPPER_EXTENSION = app;
			};
			name = Release;
		};
/* End XCBuildConfiguration section */

/* Begin XCConfigurationList section */
		722415331771148700989C3B /* Build configuration list for PBXProject "EasyMessage" */ = {
			isa = XCConfigurationList;
			buildConfigurations = (
				722415591771148800989C3B /* Debug */,
				7224155A1771148800989C3B /* Release */,
			);
			defaultConfigurationIsVisible = 0;
			defaultConfigurationName = Release;
		};
		7224155B1771148800989C3B /* Build configuration list for PBXNativeTarget "EasyMessage" */ = {
			isa = XCConfigurationList;
			buildConfigurations = (
				7224155C1771148800989C3B /* Debug */,
				7224155D1771148800989C3B /* Release */,
			);
			defaultConfigurationIsVisible = 0;
			defaultConfigurationName = Release;
		};
/* End XCConfigurationList section */
	};
	rootObject = 722415301771148700989C3B /* Project object */;
}
